
Microsoft Visual Studio Solution File, Format Version 12.00
# Visual Studio Version 16
VisualStudioVersion = 16.0.30804.86
MinimumVisualStudioVersion = 10.0.40219.1
Project("{9A19103F-16F7-4668-BE54-9A1E7A4F7556}") = "KurvenDiskussion", "KurvenDiskussion\KurvenDiskussion.csproj", "{66E7885C-7E20-44B1-864F-ADF57E826E7D}"
EndProject
Project("{FAE04EC0-301F-11D3-BF4B-00C04F79EFBC}") = "MathBib", "MathBib\MathBib.csproj", "{CD19254B-5710-4DD8-AB19-8193859E4AD1}"
EndProject
Global
	GlobalSection(SolutionConfigurationPlatforms) = preSolution
		Debug|Any CPU = Debug|Any CPU
		Release|Any CPU = Release|Any CPU
	EndGlobalSection
	GlobalSection(ProjectConfigurationPlatforms) = postSolution
		{66E7885C-7E20-44B1-864F-ADF57E826E7D}.Debug|Any CPU.ActiveCfg = Debug|Any CPU
		{66E7885C-7E20-44B1-864F-ADF57E826E7D}.Debug|Any CPU.Build.0 = Debug|Any CPU
		{66E7885C-7E20-44B1-864F-ADF57E826E7D}.Release|Any CPU.ActiveCfg = Release|Any CPU
		{66E7885C-7E20-44B1-864F-ADF57E826E7D}.Release|Any CPU.Build.0 = Release|Any CPU
		{CD19254B-5710-4DD8-AB19-8193859E4AD1}.Debug|Any CPU.ActiveCfg = Debug|Any CPU
		{CD19254B-5710-4DD8-AB19-8193859E4AD1}.Debug|Any CPU.Build.0 = Debug|Any CPU
		{CD19254B-5710-4DD8-AB19-8193859E4AD1}.Release|Any CPU.ActiveCfg = Release|Any CPU
		{CD19254B-5710-4DD8-AB19-8193859E4AD1}.Release|Any CPU.Build.0 = Release|Any CPU
	EndGlobalSection
	GlobalSection(SolutionProperties) = preSolution
		HideSolutionNode = FALSE
	EndGlobalSection
	GlobalSection(ExtensibilityGlobals) = postSolution
		SolutionGuid = {CF4E3764-6F4E-45F5-86AE-82AB80CCB3C7}
	EndGlobalSection
EndGlobal
